
Microsoft Visual Studio Solution File, Format Version 12.00
# Visual Studio Version 16
VisualStudioVersion = 16.0.30621.155
MinimumVisualStudioVersion = 10.0.40219.1
Project("{9A19103F-16F7-4668-BE54-9A1E7A4F7556}") = "AnonymiserDiscordData", "AnonymiserDiscordData\AnonymiserDiscordData.csproj", "{B933108D-5486-4D02-B81D-08943E280B96}"
EndProject
Project("{9A19103F-16F7-4668-BE54-9A1E7A4F7556}") = "Rygone", "Rygone\Rygone.csproj", "{DF65E744-C107-44C3-9AB7-1BAB738BEFB5}"
EndProject
Project("{9A19103F-16F7-4668-BE54-9A1E7A4F7556}") = "Rygone.Test", "Rygone.Test\Rygone.Test.csproj", "{F2666AE9-276E-49F0-9591-3C999596CE9E}"
EndProject
Global
	GlobalSection(SolutionConfigurationPlatforms) = preSolution
		Debug|Any CPU = Debug|Any CPU
		Release|Any CPU = Release|Any CPU
	EndGlobalSection
	GlobalSection(ProjectConfigurationPlatforms) = postSolution
		{B933108D-5486-4D02-B81D-08943E280B96}.Debug|Any CPU.ActiveCfg = Debug|Any CPU
		{B933108D-5486-4D02-B81D-08943E280B96}.Debug|Any CPU.Build.0 = Debug|Any CPU
		{B933108D-5486-4D02-B81D-08943E280B96}.Release|Any CPU.ActiveCfg = Release|Any CPU
		{B933108D-5486-4D02-B81D-08943E280B96}.Release|Any CPU.Build.0 = Release|Any CPU
		{DF65E744-C107-44C3-9AB7-1BAB738BEFB5}.Debug|Any CPU.ActiveCfg = Debug|Any CPU
		{DF65E744-C107-44C3-9AB7-1BAB738BEFB5}.Debug|Any CPU.Build.0 = Debug|Any CPU
		{DF65E744-C107-44C3-9AB7-1BAB738BEFB5}.Release|Any CPU.ActiveCfg = Release|Any CPU
		{DF65E744-C107-44C3-9AB7-1BAB738BEFB5}.Release|Any CPU.Build.0 = Release|Any CPU
		{F2666AE9-276E-49F0-9591-3C999596CE9E}.Debug|Any CPU.ActiveCfg = Debug|Any CPU
		{F2666AE9-276E-49F0-9591-3C999596CE9E}.Debug|Any CPU.Build.0 = Debug|Any CPU
		{F2666AE9-276E-49F0-9591-3C999596CE9E}.Release|Any CPU.ActiveCfg = Release|Any CPU
		{F2666AE9-276E-49F0-9591-3C999596CE9E}.Release|Any CPU.Build.0 = Release|Any CPU
	EndGlobalSection
	GlobalSection(SolutionProperties) = preSolution
		HideSolutionNode = FALSE
	EndGlobalSection
	GlobalSection(ExtensibilityGlobals) = postSolution
		SolutionGuid = {BABDDC99-7D3A-4133-B0B0-B5188E3F1A00}
	EndGlobalSection
EndGlobal
